// !$*UTF8*$!
{
	archiveVersion = 1;
	classes = {
	};
	objectVersion = 50;
	objects = {

/* Begin PBXBuildFile section */
		407FCE3B900CAFC8FC352092 /* Pods_Notifier.framework in Frameworks */ = {isa = PBXBuildFile; fileRef = 6ED3E91D0599840D6AC5E2DA /* Pods_Notifier.framework */; };
		AA183717267BA8D700CE0679 /* NotificationFunctions.swift in Sources */ = {isa = PBXBuildFile; fileRef = AA183716267BA8D700CE0679 /* NotificationFunctions.swift */; };
		AA8DC9A3267BA3B8002CB920 /* AppDelegate.swift in Sources */ = {isa = PBXBuildFile; fileRef = AA8DC9A2267BA3B8002CB920 /* AppDelegate.swift */; };
		AA8DC9A5267BA3B8002CB920 /* SceneDelegate.swift in Sources */ = {isa = PBXBuildFile; fileRef = AA8DC9A4267BA3B8002CB920 /* SceneDelegate.swift */; };
		AA8DC9A7267BA3B8002CB920 /* ViewController.swift in Sources */ = {isa = PBXBuildFile; fileRef = AA8DC9A6267BA3B8002CB920 /* ViewController.swift */; };
		AA8DC9AA267BA3B8002CB920 /* Main.storyboard in Resources */ = {isa = PBXBuildFile; fileRef = AA8DC9A8267BA3B8002CB920 /* Main.storyboard */; };
		AA8DC9AC267BA3B9002CB920 /* Assets.xcassets in Resources */ = {isa = PBXBuildFile; fileRef = AA8DC9AB267BA3B9002CB920 /* Assets.xcassets */; };
		AA8DC9AF267BA3B9002CB920 /* LaunchScreen.storyboard in Resources */ = {isa = PBXBuildFile; fileRef = AA8DC9AD267BA3B9002CB920 /* LaunchScreen.storyboard */; };
		AA8DC9BB267BA48D002CB920 /* SettingsViewController.swift in Sources */ = {isa = PBXBuildFile; fileRef = AA8DC9BA267BA48D002CB920 /* SettingsViewController.swift */; };
/* End PBXBuildFile section */

/* Begin PBXFileReference section */
		26BB5BEF6649D5FA21CFAF1E /* Pods-Notifier.debug.xcconfig */ = {isa = PBXFileReference; includeInIndex = 1; lastKnownFileType = text.xcconfig; name = "Pods-Notifier.debug.xcconfig"; path = "Target Support Files/Pods-Notifier/Pods-Notifier.debug.xcconfig"; sourceTree = "<group>"; };
		3E366DAF2B755408715720E3 /* Pods-Notifier.release.xcconfig */ = {isa = PBXFileReference; includeInIndex = 1; lastKnownFileType = text.xcconfig; name = "Pods-Notifier.release.xcconfig"; path = "Target Support Files/Pods-Notifier/Pods-Notifier.release.xcconfig"; sourceTree = "<group>"; };
		6ED3E91D0599840D6AC5E2DA /* Pods_Notifier.framework */ = {isa = PBXFileReference; explicitFileType = wrapper.framework; includeInIndex = 0; path = Pods_Notifier.framework; sourceTree = BUILT_PRODUCTS_DIR; };
		AA183716267BA8D700CE0679 /* NotificationFunctions.swift */ = {isa = PBXFileReference; lastKnownFileType = sourcecode.swift; path = NotificationFunctions.swift; sourceTree = "<group>"; };
		AA8DC99F267BA3B8002CB920 /* Notifier.app */ = {isa = PBXFileReference; explicitFileType = wrapper.application; includeInIndex = 0; path = Notifier.app; sourceTree = BUILT_PRODUCTS_DIR; };
		AA8DC9A2267BA3B8002CB920 /* AppDelegate.swift */ = {isa = PBXFileReference; lastKnownFileType = sourcecode.swift; path = AppDelegate.swift; sourceTree = "<group>"; };
		AA8DC9A4267BA3B8002CB920 /* SceneDelegate.swift */ = {isa = PBXFileReference; lastKnownFileType = sourcecode.swift; path = SceneDelegate.swift; sourceTree = "<group>"; };
		AA8DC9A6267BA3B8002CB920 /* ViewController.swift */ = {isa = PBXFileReference; lastKnownFileType = sourcecode.swift; path = ViewController.swift; sourceTree = "<group>"; };
		AA8DC9A9267BA3B8002CB920 /* Base */ = {isa = PBXFileReference; lastKnownFileType = file.storyboard; name = Base; path = Base.lproj/Main.storyboard; sourceTree = "<group>"; };
		AA8DC9AB267BA3B9002CB920 /* Assets.xcassets */ = {isa = PBXFileReference; lastKnownFileType = folder.assetcatalog; path = Assets.xcassets; sourceTree = "<group>"; };
		AA8DC9AE267BA3B9002CB920 /* Base */ = {isa = PBXFileReference; lastKnownFileType = file.storyboard; name = Base; path = Base.lproj/LaunchScreen.storyboard; sourceTree = "<group>"; };
		AA8DC9B0267BA3B9002CB920 /* Info.plist */ = {isa = PBXFileReference; lastKnownFileType = text.plist.xml; path = Info.plist; sourceTree = "<group>"; };
		AA8DC9BA267BA48D002CB920 /* SettingsViewController.swift */ = {isa = PBXFileReference; lastKnownFileType = sourcecode.swift; path = SettingsViewController.swift; sourceTree = "<group>"; };
/* End PBXFileReference section */

/* Begin PBXFrameworksBuildPhase section */
		AA8DC99C267BA3B8002CB920 /* Frameworks */ = {
			isa = PBXFrameworksBuildPhase;
			buildActionMask = 2147483647;
			files = (
				407FCE3B900CAFC8FC352092 /* Pods_Notifier.framework in Frameworks */,
			);
			runOnlyForDeploymentPostprocessing = 0;
		};
/* End PBXFrameworksBuildPhase section */

/* Begin PBXGroup section */
		4EA01ECD71DBEEE4833E9D0E /* Pods */ = {
			isa = PBXGroup;
			children = (
				26BB5BEF6649D5FA21CFAF1E /* Pods-Notifier.debug.xcconfig */,
				3E366DAF2B755408715720E3 /* Pods-Notifier.release.xcconfig */,
			);
			name = Pods;
			path = Pods;
			sourceTree = "<group>";
		};
		8D240DD9B4DE6690C350BA5F /* Frameworks */ = {
			isa = PBXGroup;
			children = (
				6ED3E91D0599840D6AC5E2DA /* Pods_Notifier.framework */,
			);
			name = Frameworks;
			sourceTree = "<group>";
		};
		AA183715267BA8BD00CE0679 /* Helpers and Extensions */ = {
			isa = PBXGroup;
			children = (
				AA183716267BA8D700CE0679 /* NotificationFunctions.swift */,
			);
			path = "Helpers and Extensions";
			sourceTree = "<group>";
		};
		AA8DC996267BA3B8002CB920 = {
			isa = PBXGroup;
			children = (
				AA8DC9A1267BA3B8002CB920 /* Notifier */,
				AA8DC9A0267BA3B8002CB920 /* Products */,
				4EA01ECD71DBEEE4833E9D0E /* Pods */,
				8D240DD9B4DE6690C350BA5F /* Frameworks */,
			);
			sourceTree = "<group>";
		};
		AA8DC9A0267BA3B8002CB920 /* Products */ = {
			isa = PBXGroup;
			children = (
				AA8DC99F267BA3B8002CB920 /* Notifier.app */,
			);
			name = Products;
			sourceTree = "<group>";
		};
		AA8DC9A1267BA3B8002CB920 /* Notifier */ = {
			isa = PBXGroup;
			children = (
				AA183715267BA8BD00CE0679 /* Helpers and Extensions */,
				AA8DC9B9267BA400002CB920 /* Controllers */,
				AA8DC9B7267BA3F4002CB920 /* Storyboards */,
				AA8DC9B6267BA3E8002CB920 /* Resources */,
			);
			path = Notifier;
			sourceTree = "<group>";
		};
		AA8DC9B6267BA3E8002CB920 /* Resources */ = {
			isa = PBXGroup;
			children = (
				AA8DC9A2267BA3B8002CB920 /* AppDelegate.swift */,
				AA8DC9A4267BA3B8002CB920 /* SceneDelegate.swift */,
				AA8DC9AB267BA3B9002CB920 /* Assets.xcassets */,
				AA8DC9B0267BA3B9002CB920 /* Info.plist */,
			);
			path = Resources;
			sourceTree = "<group>";
		};
		AA8DC9B7267BA3F4002CB920 /* Storyboards */ = {
			isa = PBXGroup;
			children = (
				AA8DC9A8267BA3B8002CB920 /* Main.storyboard */,
				AA8DC9AD267BA3B9002CB920 /* LaunchScreen.storyboard */,
			);
			path = Storyboards;
			sourceTree = "<group>";
		};
		AA8DC9B8267BA3F9002CB920 /* ViewControllers */ = {
			isa = PBXGroup;
			children = (
				AA8DC9A6267BA3B8002CB920 /* ViewController.swift */,
				AA8DC9BA267BA48D002CB920 /* SettingsViewController.swift */,
			);
			path = ViewControllers;
			sourceTree = "<group>";
		};
		AA8DC9B9267BA400002CB920 /* Controllers */ = {
			isa = PBXGroup;
			children = (
				AA8DC9B8267BA3F9002CB920 /* ViewControllers */,
			);
			path = Controllers;
			sourceTree = "<group>";
		};
/* End PBXGroup section */

/* Begin PBXNativeTarget section */
		AA8DC99E267BA3B8002CB920 /* Notifier */ = {
			isa = PBXNativeTarget;
			buildConfigurationList = AA8DC9B3267BA3B9002CB920 /* Build configuration list for PBXNativeTarget "Notifier" */;
			buildPhases = (
				9F9916044CEBFBA84FE77347 /* [CP] Check Pods Manifest.lock */,
				AA8DC99B267BA3B8002CB920 /* Sources */,
				AA8DC99C267BA3B8002CB920 /* Frameworks */,
				AA8DC99D267BA3B8002CB920 /* Resources */,
				8D51B14FBD5F6B01F0B630F0 /* [CP] Embed Pods Frameworks */,
			);
			buildRules = (
			);
			dependencies = (
			);
			name = Notifier;
			productName = Notifier;
			productReference = AA8DC99F267BA3B8002CB920 /* Notifier.app */;
			productType = "com.apple.product-type.application";
		};
/* End PBXNativeTarget section */

/* Begin PBXProject section */
		AA8DC997267BA3B8002CB920 /* Project object */ = {
			isa = PBXProject;
			attributes = {
				LastSwiftUpdateCheck = 1250;
				LastUpgradeCheck = 1250;
				TargetAttributes = {
					AA8DC99E267BA3B8002CB920 = {
						CreatedOnToolsVersion = 12.5;
					};
				};
			};
			buildConfigurationList = AA8DC99A267BA3B8002CB920 /* Build configuration list for PBXProject "Notifier" */;
			compatibilityVersion = "Xcode 9.3";
			developmentRegion = en;
			hasScannedForEncodings = 0;
			knownRegions = (
				en,
				Base,
			);
			mainGroup = AA8DC996267BA3B8002CB920;
			productRefGroup = AA8DC9A0267BA3B8002CB920 /* Products */;
			projectDirPath = "";
			projectRoot = "";
			targets = (
				AA8DC99E267BA3B8002CB920 /* Notifier */,
			);
		};
/* End PBXProject section */

/* Begin PBXResourcesBuildPhase section */
		AA8DC99D267BA3B8002CB920 /* Resources */ = {
			isa = PBXResourcesBuildPhase;
			buildActionMask = 2147483647;
			files = (
				AA8DC9AF267BA3B9002CB920 /* LaunchScreen.storyboard in Resources */,
				AA8DC9AC267BA3B9002CB920 /* Assets.xcassets in Resources */,
				AA8DC9AA267BA3B8002CB920 /* Main.storyboard in Resources */,
			);
			runOnlyForDeploymentPostprocessing = 0;
		};
/* End PBXResourcesBuildPhase section */

/* Begin PBXShellScriptBuildPhase section */
		8D51B14FBD5F6B01F0B630F0 /* [CP] Embed Pods Frameworks */ = {
			isa = PBXShellScriptBuildPhase;
			buildActionMask = 2147483647;
			files = (
			);
			inputFileListPaths = (
				"${PODS_ROOT}/Target Support Files/Pods-Notifier/Pods-Notifier-frameworks-${CONFIGURATION}-input-files.xcfilelist",
			);
			name = "[CP] Embed Pods Frameworks";
			outputFileListPaths = (
				"${PODS_ROOT}/Target Support Files/Pods-Notifier/Pods-Notifier-frameworks-${CONFIGURATION}-output-files.xcfilelist",
			);
			runOnlyForDeploymentPostprocessing = 0;
			shellPath = /bin/sh;
			shellScript = "\"${PODS_ROOT}/Target Support Files/Pods-Notifier/Pods-Notifier-frameworks.sh\"\n";
			showEnvVarsInLog = 0;
		};
		9F9916044CEBFBA84FE77347 /* [CP] Check Pods Manifest.lock */ = {
			isa = PBXShellScriptBuildPhase;
			buildActionMask = 2147483647;
			files = (
			);
			inputFileListPaths = (
			);
			inputPaths = (
				"${PODS_PODFILE_DIR_PATH}/Podfile.lock",
				"${PODS_ROOT}/Manifest.lock",
			);
			name = "[CP] Check Pods Manifest.lock";
			outputFileListPaths = (
			);
			outputPaths = (
				"$(DERIVED_FILE_DIR)/Pods-Notifier-checkManifestLockResult.txt",
			);
			runOnlyForDeploymentPostprocessing = 0;
			shellPath = /bin/sh;
			shellScript = "diff \"${PODS_PODFILE_DIR_PATH}/Podfile.lock\" \"${PODS_ROOT}/Manifest.lock\" > /dev/null\nif [ $? != 0 ] ; then\n    # print error to STDERR\n    echo \"error: The sandbox is not in sync with the Podfile.lock. Run 'pod install' or update your CocoaPods installation.\" >&2\n    exit 1\nfi\n# This output is used by Xcode 'outputs' to avoid re-running this script phase.\necho \"SUCCESS\" > \"${SCRIPT_OUTPUT_FILE_0}\"\n";
			showEnvVarsInLog = 0;
		};
/* End PBXShellScriptBuildPhase section */

/* Begin PBXSourcesBuildPhase section */
		AA8DC99B267BA3B8002CB920 /* Sources */ = {
			isa = PBXSourcesBuildPhase;
			buildActionMask = 2147483647;
			files = (
				AA183717267BA8D700CE0679 /* NotificationFunctions.swift in Sources */,
				AA8DC9A7267BA3B8002CB920 /* ViewController.swift in Sources */,
				AA8DC9A3267BA3B8002CB920 /* AppDelegate.swift in Sources */,
				AA8DC9A5267BA3B8002CB920 /* SceneDelegate.swift in Sources */,
				AA8DC9BB267BA48D002CB920 /* SettingsViewController.swift in Sources */,
			);
			runOnlyForDeploymentPostprocessing = 0;
		};
/* End PBXSourcesBuildPhase section */

/* Begin PBXVariantGroup section */
		AA8DC9A8267BA3B8002CB920 /* Main.storyboard */ = {
			isa = PBXVariantGroup;
			children = (
				AA8DC9A9267BA3B8002CB920 /* Base */,
			);
			name = Main.storyboard;
			sourceTree = "<group>";
		};
		AA8DC9AD267BA3B9002CB920 /* LaunchScreen.storyboard */ = {
			isa = PBXVariantGroup;
			children = (
				AA8DC9AE267BA3B9002CB920 /* Base */,
			);
			name = LaunchScreen.storyboard;
			sourceTree = "<group>";
		};
/* End PBXVariantGroup section */

/* Begin XCBuildConfiguration section */
		AA8DC9B1267BA3B9002CB920 /* Debug */ = {
			isa = XCBuildConfiguration;
			buildSettings = {
				ALWAYS_SEARCH_USER_PATHS = NO;
				CLANG_ANALYZER_NONNULL = YES;
				CLANG_ANALYZER_NUMBER_OBJECT_CONVERSION = YES_AGGRESSIVE;
				CLANG_CXX_LANGUAGE_STANDARD = "gnu++14";
				CLANG_CXX_LIBRARY = "libc++";
				CLANG_ENABLE_MODULES = YES;
				CLANG_ENABLE_OBJC_ARC = YES;
				CLANG_ENABLE_OBJC_WEAK = YES;
				CLANG_WARN_BLOCK_CAPTURE_AUTORELEASING = YES;
				CLANG_WARN_BOOL_CONVERSION = YES;
				CLANG_WARN_COMMA = YES;
				CLANG_WARN_CONSTANT_CONVERSION = YES;
				CLANG_WARN_DEPRECATED_OBJC_IMPLEMENTATIONS = YES;
				CLANG_WARN_DIRECT_OBJC_ISA_USAGE = YES_ERROR;
				CLANG_WARN_DOCUMENTATION_COMMENTS = YES;
				CLANG_WARN_EMPTY_BODY = YES;
				CLANG_WARN_ENUM_CONVERSION = YES;
				CLANG_WARN_INFINITE_RECURSION = YES;
				CLANG_WARN_INT_CONVERSION = YES;
				CLANG_WARN_NON_LITERAL_NULL_CONVERSION = YES;
				CLANG_WARN_OBJC_IMPLICIT_RETAIN_SELF = YES;
				CLANG_WARN_OBJC_LITERAL_CONVERSION = YES;
				CLANG_WARN_OBJC_ROOT_CLASS = YES_ERROR;
				CLANG_WARN_QUOTED_INCLUDE_IN_FRAMEWORK_HEADER = YES;
				CLANG_WARN_RANGE_LOOP_ANALYSIS = YES;
				CLANG_WARN_STRICT_PROTOTYPES = YES;
				CLANG_WARN_SUSPICIOUS_MOVE = YES;
				CLANG_WARN_UNGUARDED_AVAILABILITY = YES_AGGRESSIVE;
				CLANG_WARN_UNREACHABLE_CODE = YES;
				CLANG_WARN__DUPLICATE_METHOD_MATCH = YES;
				COPY_PHASE_STRIP = NO;
				DEBUG_INFORMATION_FORMAT = dwarf;
				ENABLE_STRICT_OBJC_MSGSEND = YES;
				ENABLE_TESTABILITY = YES;
				GCC_C_LANGUAGE_STANDARD = gnu11;
				GCC_DYNAMIC_NO_PIC = NO;
				GCC_NO_COMMON_BLOCKS = YES;
				GCC_OPTIMIZATION_LEVEL = 0;
				GCC_PREPROCESSOR_DEFINITIONS = (
					"DEBUG=1",
					"$(inherited)",
				);
				GCC_WARN_64_TO_32_BIT_CONVERSION = YES;
				GCC_WARN_ABOUT_RETURN_TYPE = YES_ERROR;
				GCC_WARN_UNDECLARED_SELECTOR = YES;
				GCC_WARN_UNINITIALIZED_AUTOS = YES_AGGRESSIVE;
				GCC_WARN_UNUSED_FUNCTION = YES;
				GCC_WARN_UNUSED_VARIABLE = YES;
				IPHONEOS_DEPLOYMENT_TARGET = 14.5;
				MTL_ENABLE_DEBUG_INFO = INCLUDE_SOURCE;
				MTL_FAST_MATH = YES;
				ONLY_ACTIVE_ARCH = YES;
				SDKROOT = iphoneos;
				SWIFT_ACTIVE_COMPILATION_CONDITIONS = DEBUG;
				SWIFT_OPTIMIZATION_LEVEL = "-Onone";
			};
			name = Debug;
		};
		AA8DC9B2267BA3B9002CB920 /* Release */ = {
			isa = XCBuildConfiguration;
			buildSettings = {
				ALWAYS_SEARCH_USER_PATHS = NO;
				CLANG_ANALYZER_NONNULL = YES;
				CLANG_ANALYZER_NUMBER_OBJECT_CONVERSION = YES_AGGRESSIVE;
				CLANG_CXX_LANGUAGE_STANDARD = "gnu++14";
				CLANG_CXX_LIBRARY = "libc++";
				CLANG_ENABLE_MODULES = YES;
				CLANG_ENABLE_OBJC_ARC = YES;
				CLANG_ENABLE_OBJC_WEAK = YES;
				CLANG_WARN_BLOCK_CAPTURE_AUTORELEASING = YES;
				CLANG_WARN_BOOL_CONVERSION = YES;
				CLANG_WARN_COMMA = YES;
				CLANG_WARN_CONSTANT_CONVERSION = YES;
				CLANG_WARN_DEPRECATED_OBJC_IMPLEMENTATIONS = YES;
				CLANG_WARN_DIRECT_OBJC_ISA_USAGE = YES_ERROR;
				CLANG_WARN_DOCUMENTATION_COMMENTS = YES;
				CLANG_WARN_EMPTY_BODY = YES;
				CLANG_WARN_ENUM_CONVERSION = YES;
				CLANG_WARN_INFINITE_RECURSION = YES;
				CLANG_WARN_INT_CONVERSION = YES;
				CLANG_WARN_NON_LITERAL_NULL_CONVERSION = YES;
				CLANG_WARN_OBJC_IMPLICIT_RETAIN_SELF = YES;
				CLANG_WARN_OBJC_LITERAL_CONVERSION = YES;
				CLANG_WARN_OBJC_ROOT_CLASS = YES_ERROR;
				CLANG_WARN_QUOTED_INCLUDE_IN_FRAMEWORK_HEADER = YES;
				CLANG_WARN_RANGE_LOOP_ANALYSIS = YES;
				CLANG_WARN_STRICT_PROTOTYPES = YES;
				CLANG_WARN_SUSPICIOUS_MOVE = YES;
				CLANG_WARN_UNGUARDED_AVAILABILITY = YES_AGGRESSIVE;
				CLANG_WARN_UNREACHABLE_CODE = YES;
				CLANG_WARN__DUPLICATE_METHOD_MATCH = YES;
				COPY_PHASE_STRIP = NO;
				DEBUG_INFORMATION_FORMAT = "dwarf-with-dsym";
				ENABLE_NS_ASSERTIONS = NO;
				ENABLE_STRICT_OBJC_MSGSEND = YES;
				GCC_C_LANGUAGE_STANDARD = gnu11;
				GCC_NO_COMMON_BLOCKS = YES;
				GCC_WARN_64_TO_32_BIT_CONVERSION = YES;
				GCC_WARN_ABOUT_RETURN_TYPE = YES_ERROR;
				GCC_WARN_UNDECLARED_SELECTOR = YES;
				GCC_WARN_UNINITIALIZED_AUTOS = YES_AGGRESSIVE;
				GCC_WARN_UNUSED_FUNCTION = YES;
				GCC_WARN_UNUSED_VARIABLE = YES;
				IPHONEOS_DEPLOYMENT_TARGET = 14.5;
				MTL_ENABLE_DEBUG_INFO = NO;
				MTL_FAST_MATH = YES;
				SDKROOT = iphoneos;
				SWIFT_COMPILATION_MODE = wholemodule;
				SWIFT_OPTIMIZATION_LEVEL = "-O";
				VALIDATE_PRODUCT = YES;
			};
			name = Release;
		};
		AA8DC9B4267BA3B9002CB920 /* Debug */ = {
			isa = XCBuildConfiguration;
			baseConfigurationReference = 26BB5BEF6649D5FA21CFAF1E /* Pods-Notifier.debug.xcconfig */;
			buildSettings = {
				ASSETCATALOG_COMPILER_APPICON_NAME = AppIcon;
				ASSETCATALOG_COMPILER_GLOBAL_ACCENT_COLOR_NAME = AccentColor;
				CODE_SIGN_STYLE = Automatic;
				DEVELOPMENT_TEAM = XA96DJZ7VH;
				INFOPLIST_FILE = Notifier/Resources/Info.plist;
				LD_RUNPATH_SEARCH_PATHS = (
					"$(inherited)",
					"@executable_path/Frameworks",
				);
				PRODUCT_BUNDLE_IDENTIFIER = Andersen.Notifier;
				PRODUCT_NAME = "$(TARGET_NAME)";
				SWIFT_VERSION = 5.0;
				TARGETED_DEVICE_FAMILY = "1,2";
			};
			name = Debug;
		};
		AA8DC9B5267BA3B9002CB920 /* Release */ = {
			isa = XCBuildConfiguration;
			baseConfigurationReference = 3E366DAF2B755408715720E3 /* Pods-Notifier.release.xcconfig */;
			buildSettings = {
				ASSETCATALOG_COMPILER_APPICON_NAME = AppIcon;
				ASSETCATALOG_COMPILER_GLOBAL_ACCENT_COLOR_NAME = AccentColor;
				CODE_SIGN_STYLE = Automatic;
				DEVELOPMENT_TEAM = XA96DJZ7VH;
				INFOPLIST_FILE = Notifier/Resources/Info.plist;
				LD_RUNPATH_SEARCH_PATHS = (
					"$(inherited)",
					"@executable_path/Frameworks",
				);
				PRODUCT_BUNDLE_IDENTIFIER = Andersen.Notifier;
				PRODUCT_NAME = "$(TARGET_NAME)";
				SWIFT_VERSION = 5.0;
				TARGETED_DEVICE_FAMILY = "1,2";
			};
			name = Release;
		};
/* End XCBuildConfiguration section */

/* Begin XCConfigurationList section */
		AA8DC99A267BA3B8002CB920 /* Build configuration list for PBXProject "Notifier" */ = {
			isa = XCConfigurationList;
			buildConfigurations = (
				AA8DC9B1267BA3B9002CB920 /* Debug */,
				AA8DC9B2267BA3B9002CB920 /* Release */,
			);
			defaultConfigurationIsVisible = 0;
			defaultConfigurationName = Release;
		};
		AA8DC9B3267BA3B9002CB920 /* Build configuration list for PBXNativeTarget "Notifier" */ = {
			isa = XCConfigurationList;
			buildConfigurations = (
				AA8DC9B4267BA3B9002CB920 /* Debug */,
				AA8DC9B5267BA3B9002CB920 /* Release */,
			);
			defaultConfigurationIsVisible = 0;
			defaultConfigurationName = Release;
		};
/* End XCConfigurationList section */
	};
	rootObject = AA8DC997267BA3B8002CB920 /* Project object */;
}
